
Microsoft Visual Studio Solution File, Format Version 12.00
# Visual Studio Version 17
VisualStudioVersion = 17.14.37111.16
MinimumVisualStudioVersion = 10.0.40219.1
Project("{FAE04EC0-301F-11D3-BF4B-00C04F79EFBC}") = "Ecommerce", "Ecommerce.csproj", "{45D75D52-F09D-4E5E-9253-DA25F91C1FDD}"
EndProject
Project("{FAE04EC0-301F-11D3-BF4B-00C04F79EFBC}") = "PaymentShippingDataService", "PaymentShippingDataService\PaymentShippingDataService.csproj", "{73AB4915-7666-B441-0A87-3185F2D624BF}"
EndProject
Project("{FAE04EC0-301F-11D3-BF4B-00C04F79EFBC}") = "PaymentShippingModel", "PaymentShippingModel\PaymentShippingModel.csproj", "{2ACEA3A1-532A-FF62-99A0-8B84C9EA87D3}"
EndProject
Project("{FAE04EC0-301F-11D3-BF4B-00C04F79EFBC}") = "PaymentShippingService", "PaymentShippingService\PaymentShippingService.csproj", "{F57BEEC3-F7F3-E262-3C00-6E41E9EB8BC1}"
EndProject
Global
	GlobalSection(SolutionConfigurationPlatforms) = preSolution
		Debug|Any CPU = Debug|Any CPU
		Release|Any CPU = Release|Any CPU
	EndGlobalSection
	GlobalSection(ProjectConfigurationPlatforms) = postSolution
		{45D75D52-F09D-4E5E-9253-DA25F91C1FDD}.Debug|Any CPU.ActiveCfg = Debug|Any CPU
		{45D75D52-F09D-4E5E-9253-DA25F91C1FDD}.Debug|Any CPU.Build.0 = Debug|Any CPU
		{45D75D52-F09D-4E5E-9253-DA25F91C1FDD}.Release|Any CPU.ActiveCfg = Release|Any CPU
		{45D75D52-F09D-4E5E-9253-DA25F91C1FDD}.Release|Any CPU.Build.0 = Release|Any CPU
		{73AB4915-7666-B441-0A87-3185F2D624BF}.Debug|Any CPU.ActiveCfg = Debug|Any CPU
		{73AB4915-7666-B441-0A87-3185F2D624BF}.Debug|Any CPU.Build.0 = Debug|Any CPU
		{73AB4915-7666-B441-0A87-3185F2D624BF}.Release|Any CPU.ActiveCfg = Release|Any CPU
		{73AB4915-7666-B441-0A87-3185F2D624BF}.Release|Any CPU.Build.0 = Release|Any CPU
		{2ACEA3A1-532A-FF62-99A0-8B84C9EA87D3}.Debug|Any CPU.ActiveCfg = Debug|Any CPU
		{2ACEA3A1-532A-FF62-99A0-8B84C9EA87D3}.Debug|Any CPU.Build.0 = Debug|Any CPU
		{2ACEA3A1-532A-FF62-99A0-8B84C9EA87D3}.Release|Any CPU.ActiveCfg = Release|Any CPU
		{2ACEA3A1-532A-FF62-99A0-8B84C9EA87D3}.Release|Any CPU.Build.0 = Release|Any CPU
		{F57BEEC3-F7F3-E262-3C00-6E41E9EB8BC1}.Debug|Any CPU.ActiveCfg = Debug|Any CPU
		{F57BEEC3-F7F3-E262-3C00-6E41E9EB8BC1}.Debug|Any CPU.Build.0 = Debug|Any CPU
		{F57BEEC3-F7F3-E262-3C00-6E41E9EB8BC1}.Release|Any CPU.ActiveCfg = Release|Any CPU
		{F57BEEC3-F7F3-E262-3C00-6E41E9EB8BC1}.Release|Any CPU.Build.0 = Release|Any CPU
	EndGlobalSection
	GlobalSection(SolutionProperties) = preSolution
		HideSolutionNode = FALSE
	EndGlobalSection
	GlobalSection(ExtensibilityGlobals) = postSolution
		SolutionGuid = {D88474E1-6A5C-42F6-9B3D-261BCD3BE021}
	EndGlobalSection
EndGlobal
